
Microsoft Visual Studio Solution File, Format Version 12.00
# Visual Studio Version 17
VisualStudioVersion = 17.3.32929.385
MinimumVisualStudioVersion = 10.0.40219.1
Project("{FAE04EC0-301F-11D3-BF4B-00C04F79EFBC}") = "Core", "Core\Core.csproj", "{0A2657A5-020E-46AE-A684-BC5EE350FD2E}"
EndProject
Project("{FAE04EC0-301F-11D3-BF4B-00C04F79EFBC}") = "PhonchicK.Entities", "Entities\PhonchicK.Entities.csproj", "{648530AB-50D8-40A8-832E-2EA7CB0C2256}"
EndProject
Project("{FAE04EC0-301F-11D3-BF4B-00C04F79EFBC}") = "PhonchicK.Business", "Business\PhonchicK.Business.csproj", "{8E854908-06CC-42D2-AD33-96D6B7F42F7A}"
EndProject
Project("{FAE04EC0-301F-11D3-BF4B-00C04F79EFBC}") = "PhonchicK.DataAccess", "PhonchicK.DataAccess\PhonchicK.DataAccess.csproj", "{FAC5BCC2-8936-42F7-A633-F8B2F39F2061}"
EndProject
Global
	GlobalSection(SolutionConfigurationPlatforms) = preSolution
		Debug|Any CPU = Debug|Any CPU
		Release|Any CPU = Release|Any CPU
	EndGlobalSection
	GlobalSection(ProjectConfigurationPlatforms) = postSolution
		{0A2657A5-020E-46AE-A684-BC5EE350FD2E}.Debug|Any CPU.ActiveCfg = Debug|Any CPU
		{0A2657A5-020E-46AE-A684-BC5EE350FD2E}.Debug|Any CPU.Build.0 = Debug|Any CPU
		{0A2657A5-020E-46AE-A684-BC5EE350FD2E}.Release|Any CPU.ActiveCfg = Release|Any CPU
		{0A2657A5-020E-46AE-A684-BC5EE350FD2E}.Release|Any CPU.Build.0 = Release|Any CPU
		{648530AB-50D8-40A8-832E-2EA7CB0C2256}.Debug|Any CPU.ActiveCfg = Debug|Any CPU
		{648530AB-50D8-40A8-832E-2EA7CB0C2256}.Debug|Any CPU.Build.0 = Debug|Any CPU
		{648530AB-50D8-40A8-832E-2EA7CB0C2256}.Release|Any CPU.ActiveCfg = Release|Any CPU
		{648530AB-50D8-40A8-832E-2EA7CB0C2256}.Release|Any CPU.Build.0 = Release|Any CPU
		{8E854908-06CC-42D2-AD33-96D6B7F42F7A}.Debug|Any CPU.ActiveCfg = Debug|Any CPU
		{8E854908-06CC-42D2-AD33-96D6B7F42F7A}.Debug|Any CPU.Build.0 = Debug|Any CPU
		{8E854908-06CC-42D2-AD33-96D6B7F42F7A}.Release|Any CPU.ActiveCfg = Release|Any CPU
		{8E854908-06CC-42D2-AD33-96D6B7F42F7A}.Release|Any CPU.Build.0 = Release|Any CPU
		{FAC5BCC2-8936-42F7-A633-F8B2F39F2061}.Debug|Any CPU.ActiveCfg = Debug|Any CPU
		{FAC5BCC2-8936-42F7-A633-F8B2F39F2061}.Debug|Any CPU.Build.0 = Debug|Any CPU
		{FAC5BCC2-8936-42F7-A633-F8B2F39F2061}.Release|Any CPU.ActiveCfg = Release|Any CPU
		{FAC5BCC2-8936-42F7-A633-F8B2F39F2061}.Release|Any CPU.Build.0 = Release|Any CPU
	EndGlobalSection
	GlobalSection(SolutionProperties) = preSolution
		HideSolutionNode = FALSE
	EndGlobalSection
	GlobalSection(ExtensibilityGlobals) = postSolution
		SolutionGuid = {B67D9BD2-E26D-4197-9DCC-FBE4DA628FB7}
	EndGlobalSection
EndGlobal
